
Microsoft Visual Studio Solution File, Format Version 12.00
# Visual Studio Version 17
VisualStudioVersion = 17.8.34408.163
MinimumVisualStudioVersion = 10.0.40219.1
Project("{FAE04EC0-301F-11D3-BF4B-00C04F79EFBC}") = "WebDriverEbayPom", "WebDriverEbayPom.csproj", "{AEA59119-4FEC-48E8-9E0E-D9F4DB177AAE}"
EndProject
Global
	GlobalSection(SolutionConfigurationPlatforms) = preSolution
		Debug|Any CPU = Debug|Any CPU
		Release|Any CPU = Release|Any CPU
	EndGlobalSection
	GlobalSection(ProjectConfigurationPlatforms) = postSolution
		{AEA59119-4FEC-48E8-9E0E-D9F4DB177AAE}.Debug|Any CPU.ActiveCfg = Debug|Any CPU
		{AEA59119-4FEC-48E8-9E0E-D9F4DB177AAE}.Debug|Any CPU.Build.0 = Debug|Any CPU
		{AEA59119-4FEC-48E8-9E0E-D9F4DB177AAE}.Release|Any CPU.ActiveCfg = Release|Any CPU
		{AEA59119-4FEC-48E8-9E0E-D9F4DB177AAE}.Release|Any CPU.Build.0 = Release|Any CPU
	EndGlobalSection
	GlobalSection(SolutionProperties) = preSolution
		HideSolutionNode = FALSE
	EndGlobalSection
	GlobalSection(ExtensibilityGlobals) = postSolution
		SolutionGuid = {03B80929-6E8C-4A49-8AA3-6FCB0D343244}
	EndGlobalSection
EndGlobal
